<?xml version="1.0" encoding="UTF-8" standalone="yes" ?>
<CodeBlocks_project_file>
	<FileVersion major="1" minor="6" />
	<Project>
		<Option title="app" />
		<Option pch_mode="2" />
		<Option compiler="riscv64" />
		<Build>
			<Target title="Debug">
				<Option output="Output/bin/app.rv32" prefix_auto="1" extension_auto="0" />
				<Option object_output="Output/obj/" />
				<Option type="1" />
				<Option compiler="riscv64" />
				<Compiler>
					<Add option="-g" />
					<Add directory="../include" />
					<Add directory="../../libs/bmsis/include" />
					<Add directory="../../rtos/rt-thread/include" />
					<Add directory="../../app/bare-metal" />
					<Add directory="../../rtos/rt-thread/libcpu/risc-v/common" />
					<Add directory="../../libs/bmsis/device/AB32VGx/include" />
					<Add directory="board" />
					<Add directory="../../libs/ab32vg1_hal/include" />
					<Add directory="hal_driver" />
					<Add directory="../../rtos/rt-thread/components/drivers/include" />
					<Add directory="../../rtos/rt-thread/components/finsh" />
				</Compiler>
			</Target>
		</Build>
		<Compiler>
			<Add option="-Os" />
			<Add option="-Wall" />
			<Add option="-march=rv32imc" />
			<Add option="-mabi=ilp32" />
			<Add directory="." />
		</Compiler>
		<Linker>
			<Add option="-Tram.ld" />
			<Add option="-Map=Output\bin\map.txt" />
			<Add option="-A rv32imc" />
			<Add option="-b elf32-littleriscv" />
			<Add option="-lc -lgcc" />
		</Linker>
		<ExtraCommands>
			<Add after="Output\bin\postbuild.bat $(PROJECT_NAME)" />
		</ExtraCommands>
		<Unit filename="../../app/rt-thread/main.c">
			<Option compilerVar="CC" />
		</Unit>
		<Unit filename="../../libs/ab32vg1_hal/include/ab32vg1_hal.h" />
		<Unit filename="../../libs/ab32vg1_hal/include/ab32vg1_hal_conf.h" />
		<Unit filename="../../libs/ab32vg1_hal/include/ab32vg1_hal_def.h" />
		<Unit filename="../../libs/ab32vg1_hal/include/ab32vg1_hal_gpio.h" />
		<Unit filename="../../libs/ab32vg1_hal/include/ab32vg1_hal_sd.h" />
		<Unit filename="../../libs/ab32vg1_hal/source/ab32vg1_hal.c">
			<Option compilerVar="CC" />
		</Unit>
		<Unit filename="../../libs/ab32vg1_hal/source/ab32vg1_hal_dac.c">
			<Option compilerVar="CC" />
		</Unit>
		<Unit filename="../../libs/ab32vg1_hal/source/ab32vg1_hal_gpio.c">
			<Option compilerVar="CC" />
		</Unit>
		<Unit filename="../../libs/ab32vg1_hal/source/ab32vg1_hal_rcu.c">
			<Option compilerVar="CC" />
		</Unit>
		<Unit filename="../../libs/ab32vg1_hal/source/ab32vg1_hal_sd.c">
			<Option compilerVar="CC" />
		</Unit>
		<Unit filename="../../libs/ab32vg1_hal/source/ab32vg1_hal_uart.c">
			<Option compilerVar="CC" />
		</Unit>
		<Unit filename="../../libs/bmsis/device/AB32VGx/include/ab32vg1.h" />
		<Unit filename="../../libs/bmsis/device/AB32VGx/include/ab32vgx.h" />
		<Unit filename="../../libs/bmsis/device/AB32VGx/include/system_ab32vgx.h" />
		<Unit filename="../../libs/bmsis/device/AB32VGx/source/gcc/startup.S" />
		<Unit filename="../../libs/bmsis/device/AB32VGx/source/system_ab32vgx.c">
			<Option compilerVar="CC" />
		</Unit>
		<Unit filename="../../rtos/rt-thread/components/drivers/include/drivers/serial.h" />
		<Unit filename="../../rtos/rt-thread/components/drivers/include/ipc/completion.h" />
		<Unit filename="../../rtos/rt-thread/components/drivers/include/ipc/dataqueue.h" />
		<Unit filename="../../rtos/rt-thread/components/drivers/include/ipc/pipe.h" />
		<Unit filename="../../rtos/rt-thread/components/drivers/include/ipc/poll.h" />
		<Unit filename="../../rtos/rt-thread/components/drivers/include/ipc/ringblk_buf.h" />
		<Unit filename="../../rtos/rt-thread/components/drivers/include/ipc/ringbuffer.h" />
		<Unit filename="../../rtos/rt-thread/components/drivers/include/ipc/waitqueue.h" />
		<Unit filename="../../rtos/rt-thread/components/drivers/include/ipc/workqueue.h" />
		<Unit filename="../../rtos/rt-thread/components/drivers/include/rtdevice.h" />
		<Unit filename="../../rtos/rt-thread/components/drivers/misc/pin.c">
			<Option compilerVar="CC" />
		</Unit>
		<Unit filename="../../rtos/rt-thread/components/drivers/serial/serial.c">
			<Option compilerVar="CC" />
		</Unit>
		<Unit filename="../../rtos/rt-thread/components/drivers/src/completion.c">
			<Option compilerVar="CC" />
		</Unit>
		<Unit filename="../../rtos/rt-thread/components/finsh/cmd.c">
			<Option compilerVar="CC" />
		</Unit>
		<Unit filename="../../rtos/rt-thread/components/finsh/finsh.h" />
		<Unit filename="../../rtos/rt-thread/components/finsh/finsh_api.h" />
		<Unit filename="../../rtos/rt-thread/components/finsh/finsh_compiler.c">
			<Option compilerVar="CC" />
		</Unit>
		<Unit filename="../../rtos/rt-thread/components/finsh/finsh_error.c">
			<Option compilerVar="CC" />
		</Unit>
		<Unit filename="../../rtos/rt-thread/components/finsh/finsh_error.h" />
		<Unit filename="../../rtos/rt-thread/components/finsh/finsh_heap.c">
			<Option compilerVar="CC" />
		</Unit>
		<Unit filename="../../rtos/rt-thread/components/finsh/finsh_heap.h" />
		<Unit filename="../../rtos/rt-thread/components/finsh/finsh_init.c">
			<Option compilerVar="CC" />
		</Unit>
		<Unit filename="../../rtos/rt-thread/components/finsh/finsh_node.c">
			<Option compilerVar="CC" />
		</Unit>
		<Unit filename="../../rtos/rt-thread/components/finsh/finsh_node.h" />
		<Unit filename="../../rtos/rt-thread/components/finsh/finsh_ops.c">
			<Option compilerVar="CC" />
		</Unit>
		<Unit filename="../../rtos/rt-thread/components/finsh/finsh_ops.h" />
		<Unit filename="../../rtos/rt-thread/components/finsh/finsh_parser.c">
			<Option compilerVar="CC" />
		</Unit>
		<Unit filename="../../rtos/rt-thread/components/finsh/finsh_parser.h" />
		<Unit filename="../../rtos/rt-thread/components/finsh/finsh_token.c">
			<Option compilerVar="CC" />
		</Unit>
		<Unit filename="../../rtos/rt-thread/components/finsh/finsh_token.h" />
		<Unit filename="../../rtos/rt-thread/components/finsh/finsh_var.c">
			<Option compilerVar="CC" />
		</Unit>
		<Unit filename="../../rtos/rt-thread/components/finsh/finsh_var.h" />
		<Unit filename="../../rtos/rt-thread/components/finsh/finsh_vm.c">
			<Option compilerVar="CC" />
		</Unit>
		<Unit filename="../../rtos/rt-thread/components/finsh/finsh_vm.h" />
		<Unit filename="../../rtos/rt-thread/components/finsh/msh.c">
			<Option compilerVar="CC" />
		</Unit>
		<Unit filename="../../rtos/rt-thread/components/finsh/msh.h" />
		<Unit filename="../../rtos/rt-thread/components/finsh/msh_file.c">
			<Option compilerVar="CC" />
		</Unit>
		<Unit filename="../../rtos/rt-thread/components/finsh/shell.c">
			<Option compilerVar="CC" />
		</Unit>
		<Unit filename="../../rtos/rt-thread/components/finsh/shell.h" />
		<Unit filename="../../rtos/rt-thread/components/finsh/symbol.c">
			<Option compilerVar="CC" />
		</Unit>
		<Unit filename="../../rtos/rt-thread/include/components.h" />
		<Unit filename="../../rtos/rt-thread/include/libc/libc_dirent.h" />
		<Unit filename="../../rtos/rt-thread/include/libc/libc_errno.h" />
		<Unit filename="../../rtos/rt-thread/include/libc/libc_fcntl.h" />
		<Unit filename="../../rtos/rt-thread/include/libc/libc_fdset.h" />
		<Unit filename="../../rtos/rt-thread/include/libc/libc_ioctl.h" />
		<Unit filename="../../rtos/rt-thread/include/libc/libc_limits.h" />
		<Unit filename="../../rtos/rt-thread/include/libc/libc_signal.h" />
		<Unit filename="../../rtos/rt-thread/include/libc/libc_stat.h" />
		<Unit filename="../../rtos/rt-thread/include/libc/libc_stdio.h" />
		<Unit filename="../../rtos/rt-thread/include/rtconfig.h" />
		<Unit filename="../../rtos/rt-thread/include/rtdbg.h" />
		<Unit filename="../../rtos/rt-thread/include/rtdebug.h" />
		<Unit filename="../../rtos/rt-thread/include/rtdef.h" />
		<Unit filename="../../rtos/rt-thread/include/rthw.h" />
		<Unit filename="../../rtos/rt-thread/include/rtlibc.h" />
		<Unit filename="../../rtos/rt-thread/include/rtm.h" />
		<Unit filename="../../rtos/rt-thread/include/rtservice.h" />
		<Unit filename="../../rtos/rt-thread/include/rtthread.h" />
		<Unit filename="../../rtos/rt-thread/libcpu/risc-v/bluetrum/context_gcc.S" />
		<Unit filename="../../rtos/rt-thread/libcpu/risc-v/bluetrum/cpuport.c">
			<Option compilerVar="CC" />
		</Unit>
		<Unit filename="../../rtos/rt-thread/libcpu/risc-v/bluetrum/interrupt.c">
			<Option compilerVar="CC" />
		</Unit>
		<Unit filename="../../rtos/rt-thread/libcpu/risc-v/common/cpuport.h" />
		<Unit filename="../../rtos/rt-thread/libcpu/risc-v/common/riscv-ops.h" />
		<Unit filename="../../rtos/rt-thread/libcpu/risc-v/common/riscv-plic.h" />
		<Unit filename="../../rtos/rt-thread/source/clock.c">
			<Option compilerVar="CC" />
		</Unit>
		<Unit filename="../../rtos/rt-thread/source/components.c">
			<Option compilerVar="CC" />
		</Unit>
		<Unit filename="../../rtos/rt-thread/source/cpu.c">
			<Option compilerVar="CC" />
		</Unit>
		<Unit filename="../../rtos/rt-thread/source/device.c">
			<Option compilerVar="CC" />
		</Unit>
		<Unit filename="../../rtos/rt-thread/source/idle.c">
			<Option compilerVar="CC" />
		</Unit>
		<Unit filename="../../rtos/rt-thread/source/ipc.c">
			<Option compilerVar="CC" />
		</Unit>
		<Unit filename="../../rtos/rt-thread/source/irq.c">
			<Option compilerVar="CC" />
		</Unit>
		<Unit filename="../../rtos/rt-thread/source/kservice.c">
			<Option compilerVar="CC" />
		</Unit>
		<Unit filename="../../rtos/rt-thread/source/mem.c">
			<Option compilerVar="CC" />
		</Unit>
		<Unit filename="../../rtos/rt-thread/source/memheap.c">
			<Option compilerVar="CC" />
		</Unit>
		<Unit filename="../../rtos/rt-thread/source/mempool.c">
			<Option compilerVar="CC" />
		</Unit>
		<Unit filename="../../rtos/rt-thread/source/object.c">
			<Option compilerVar="CC" />
		</Unit>
		<Unit filename="../../rtos/rt-thread/source/scheduler.c">
			<Option compilerVar="CC" />
		</Unit>
		<Unit filename="../../rtos/rt-thread/source/signal.c">
			<Option compilerVar="CC" />
		</Unit>
		<Unit filename="../../rtos/rt-thread/source/slab.c">
			<Option compilerVar="CC" />
		</Unit>
		<Unit filename="../../rtos/rt-thread/source/thread.c">
			<Option compilerVar="CC" />
		</Unit>
		<Unit filename="../../rtos/rt-thread/source/timer.c">
			<Option compilerVar="CC" />
		</Unit>
		<Unit filename="board/board.c">
			<Option compilerVar="CC" />
		</Unit>
		<Unit filename="board/board.h" />
		<Unit filename="board/config/ab32vg1_hal_msp.c">
			<Option compilerVar="CC" />
		</Unit>
		<Unit filename="example/1_uart.c">
			<Option compilerVar="CC" />
		</Unit>
		<Unit filename="example/2_sd.c">
			<Option compilerVar="CC" />
		</Unit>
		<Unit filename="hal_driver/drv_common.h" />
		<Unit filename="hal_driver/drv_gpio.c">
			<Option compilerVar="CC" />
		</Unit>
		<Unit filename="hal_driver/drv_gpio.h" />
		<Unit filename="hal_driver/drv_log.h" />
		<Unit filename="hal_driver/drv_sdio.c">
			<Option compilerVar="CC" />
		</Unit>
		<Unit filename="hal_driver/drv_sdio.h" />
		<Unit filename="hal_driver/drv_usart.c">
			<Option compilerVar="CC" />
		</Unit>
		<Unit filename="hal_driver/drv_usart.h" />
		<Unit filename="ram.ld" />
		<Extensions>
			<code_completion />
			<envvars />
			<debugger />
			<lib_finder disable_auto="1" />
		</Extensions>
	</Project>
</CodeBlocks_project_file>
